
Microsoft Visual Studio Solution File, Format Version 12.00
# Visual Studio Version 16
VisualStudioVersion = 16.0.30406.217
MinimumVisualStudioVersion = 15.0.26124.0
Project("{9A19103F-16F7-4668-BE54-9A1E7A4F7556}") = "PM.WebAPI", "PM.WebAPI\PM.WebAPI.csproj", "{5DEA1798-88C9-472C-AEEE-49D6F8F10FDB}"
EndProject
Project("{9A19103F-16F7-4668-BE54-9A1E7A4F7556}") = "PM.WebApp", "PM.WebApp\PM.WebApp.csproj", "{65777A67-BB93-4887-893D-3B313711E2B7}"
EndProject
Project("{9A19103F-16F7-4668-BE54-9A1E7A4F7556}") = "PM.Common", "PM.Core\PM.Common.csproj", "{72750E17-7E7B-4DAE-8213-6E8262B60878}"
EndProject
Project("{2150E333-8FDC-42A3-9474-1A3956D46DE8}") = "Solution Items", "Solution Items", "{CEDEA46F-AA28-40FB-A5DD-987072D5E788}"
	ProjectSection(SolutionItems) = preProject
		.editorconfig = .editorconfig
	EndProjectSection
EndProject
Project("{9A19103F-16F7-4668-BE54-9A1E7A4F7556}") = "PM.Localizations", "PM.Localizations\PM.Localizations.csproj", "{7C219A8E-EF64-4064-830C-AE77070FC792}"
EndProject
Project("{9A19103F-16F7-4668-BE54-9A1E7A4F7556}") = "PM.Components", "PM.Components\PM.Components.csproj", "{55AFB927-CB5E-418A-AB5B-35411D3055A0}"
EndProject
Project("{9A19103F-16F7-4668-BE54-9A1E7A4F7556}") = "PM.Data", "PM.Data\PM.Data.csproj", "{3A4730C6-4263-41E3-BF42-20B2C824FB23}"
EndProject
Project("{9A19103F-16F7-4668-BE54-9A1E7A4F7556}") = "PM.WebAPI.Tests", "PM.WebAPI.Tests\PM.WebAPI.Tests.csproj", "{B1635F92-8654-46A2-9BB1-32C7086C9006}"
EndProject
Project("{FAE04EC0-301F-11D3-BF4B-00C04F79EFBC}") = "PM.Domain", "PM.Domain\PM.Domain.csproj", "{6E56BF5F-91B1-4720-B70C-1F59757C9BAC}"
EndProject
Global
	GlobalSection(SolutionConfigurationPlatforms) = preSolution
		Debug|Any CPU = Debug|Any CPU
		Release|Any CPU = Release|Any CPU
	EndGlobalSection
	GlobalSection(ProjectConfigurationPlatforms) = postSolution
		{5DEA1798-88C9-472C-AEEE-49D6F8F10FDB}.Debug|Any CPU.ActiveCfg = Debug|Any CPU
		{5DEA1798-88C9-472C-AEEE-49D6F8F10FDB}.Debug|Any CPU.Build.0 = Debug|Any CPU
		{5DEA1798-88C9-472C-AEEE-49D6F8F10FDB}.Release|Any CPU.ActiveCfg = Release|Any CPU
		{5DEA1798-88C9-472C-AEEE-49D6F8F10FDB}.Release|Any CPU.Build.0 = Release|Any CPU
		{65777A67-BB93-4887-893D-3B313711E2B7}.Debug|Any CPU.ActiveCfg = Debug|Any CPU
		{65777A67-BB93-4887-893D-3B313711E2B7}.Debug|Any CPU.Build.0 = Debug|Any CPU
		{65777A67-BB93-4887-893D-3B313711E2B7}.Release|Any CPU.ActiveCfg = Release|Any CPU
		{65777A67-BB93-4887-893D-3B313711E2B7}.Release|Any CPU.Build.0 = Release|Any CPU
		{72750E17-7E7B-4DAE-8213-6E8262B60878}.Debug|Any CPU.ActiveCfg = Debug|Any CPU
		{72750E17-7E7B-4DAE-8213-6E8262B60878}.Debug|Any CPU.Build.0 = Debug|Any CPU
		{72750E17-7E7B-4DAE-8213-6E8262B60878}.Release|Any CPU.ActiveCfg = Release|Any CPU
		{72750E17-7E7B-4DAE-8213-6E8262B60878}.Release|Any CPU.Build.0 = Release|Any CPU
		{7C219A8E-EF64-4064-830C-AE77070FC792}.Debug|Any CPU.ActiveCfg = Debug|Any CPU
		{7C219A8E-EF64-4064-830C-AE77070FC792}.Debug|Any CPU.Build.0 = Debug|Any CPU
		{7C219A8E-EF64-4064-830C-AE77070FC792}.Release|Any CPU.ActiveCfg = Release|Any CPU
		{7C219A8E-EF64-4064-830C-AE77070FC792}.Release|Any CPU.Build.0 = Release|Any CPU
		{55AFB927-CB5E-418A-AB5B-35411D3055A0}.Debug|Any CPU.ActiveCfg = Debug|Any CPU
		{55AFB927-CB5E-418A-AB5B-35411D3055A0}.Debug|Any CPU.Build.0 = Debug|Any CPU
		{55AFB927-CB5E-418A-AB5B-35411D3055A0}.Release|Any CPU.ActiveCfg = Release|Any CPU
		{55AFB927-CB5E-418A-AB5B-35411D3055A0}.Release|Any CPU.Build.0 = Release|Any CPU
		{3A4730C6-4263-41E3-BF42-20B2C824FB23}.Debug|Any CPU.ActiveCfg = Debug|Any CPU
		{3A4730C6-4263-41E3-BF42-20B2C824FB23}.Debug|Any CPU.Build.0 = Debug|Any CPU
		{3A4730C6-4263-41E3-BF42-20B2C824FB23}.Release|Any CPU.ActiveCfg = Release|Any CPU
		{3A4730C6-4263-41E3-BF42-20B2C824FB23}.Release|Any CPU.Build.0 = Release|Any CPU
		{B1635F92-8654-46A2-9BB1-32C7086C9006}.Debug|Any CPU.ActiveCfg = Debug|Any CPU
		{B1635F92-8654-46A2-9BB1-32C7086C9006}.Debug|Any CPU.Build.0 = Debug|Any CPU
		{B1635F92-8654-46A2-9BB1-32C7086C9006}.Release|Any CPU.ActiveCfg = Release|Any CPU
		{B1635F92-8654-46A2-9BB1-32C7086C9006}.Release|Any CPU.Build.0 = Release|Any CPU
		{6E56BF5F-91B1-4720-B70C-1F59757C9BAC}.Debug|Any CPU.ActiveCfg = Debug|Any CPU
		{6E56BF5F-91B1-4720-B70C-1F59757C9BAC}.Debug|Any CPU.Build.0 = Debug|Any CPU
		{6E56BF5F-91B1-4720-B70C-1F59757C9BAC}.Release|Any CPU.ActiveCfg = Release|Any CPU
		{6E56BF5F-91B1-4720-B70C-1F59757C9BAC}.Release|Any CPU.Build.0 = Release|Any CPU
	EndGlobalSection
	GlobalSection(SolutionProperties) = preSolution
		HideSolutionNode = FALSE
	EndGlobalSection
	GlobalSection(ExtensibilityGlobals) = postSolution
		SolutionGuid = {DB851532-1266-408F-AF14-2BBC14DDC21E}
	EndGlobalSection
EndGlobal
